
Microsoft Visual Studio Solution File, Format Version 12.00
# Visual Studio Version 16
VisualStudioVersion = 16.0.29215.179
MinimumVisualStudioVersion = 10.0.40219.1
Project("{888888A0-9F3D-457C-B088-3A5042F75D52}") = "kb_audio", "kb_audio\kb_audio.pyproj", "{F49838FD-A15E-4A75-9656-862B4F054747}"
EndProject
Global
	GlobalSection(SolutionConfigurationPlatforms) = preSolution
		Debug|Any CPU = Debug|Any CPU
		Release|Any CPU = Release|Any CPU
	EndGlobalSection
	GlobalSection(ProjectConfigurationPlatforms) = postSolution
		{F49838FD-A15E-4A75-9656-862B4F054747}.Debug|Any CPU.ActiveCfg = Debug|Any CPU
		{F49838FD-A15E-4A75-9656-862B4F054747}.Release|Any CPU.ActiveCfg = Release|Any CPU
	EndGlobalSection
	GlobalSection(SolutionProperties) = preSolution
		HideSolutionNode = FALSE
	EndGlobalSection
	GlobalSection(ExtensibilityGlobals) = postSolution
		SolutionGuid = {79719693-C9EE-46DB-9635-2BFC1CE36630}
	EndGlobalSection
EndGlobal
